
Microsoft Visual Studio Solution File, Format Version 12.00
# Visual Studio 15
VisualStudioVersion = 15.0.28307.1062
MinimumVisualStudioVersion = 10.0.40219.1
Project("{FAE04EC0-301F-11D3-BF4B-00C04F79EFBC}") = "quanlyloptinhocvangoaingunganhan", "quanlyloptinhocvangoaingunganhan\quanlyloptinhocvangoaingunganhan.csproj", "{4DB7C418-1B54-4498-9F0E-F3C71240C074}"
EndProject
Global
	GlobalSection(SolutionConfigurationPlatforms) = preSolution
		Debug|Any CPU = Debug|Any CPU
		Release|Any CPU = Release|Any CPU
	EndGlobalSection
	GlobalSection(ProjectConfigurationPlatforms) = postSolution
		{4DB7C418-1B54-4498-9F0E-F3C71240C074}.Debug|Any CPU.ActiveCfg = Debug|Any CPU
		{4DB7C418-1B54-4498-9F0E-F3C71240C074}.Debug|Any CPU.Build.0 = Debug|Any CPU
		{4DB7C418-1B54-4498-9F0E-F3C71240C074}.Release|Any CPU.ActiveCfg = Release|Any CPU
		{4DB7C418-1B54-4498-9F0E-F3C71240C074}.Release|Any CPU.Build.0 = Release|Any CPU
	EndGlobalSection
	GlobalSection(SolutionProperties) = preSolution
		HideSolutionNode = FALSE
	EndGlobalSection
	GlobalSection(ExtensibilityGlobals) = postSolution
		SolutionGuid = {BA1F2614-310A-4B11-B4F4-6BAA0556B9B6}
	EndGlobalSection
EndGlobal
